
Microsoft Visual Studio Solution File, Format Version 12.00
# Visual Studio Version 17
VisualStudioVersion = 17.3.32922.545
MinimumVisualStudioVersion = 10.0.40219.1
Project("{FAE04EC0-301F-11D3-BF4B-00C04F79EFBC}") = "Nobel", "Nobel\Nobel.csproj", "{64776260-663F-496D-A42D-41879F2585EB}"
EndProject
Project("{FAE04EC0-301F-11D3-BF4B-00C04F79EFBC}") = "Vasmegye", "Vasmegye\Vasmegye.csproj", "{A166F15A-B881-419C-8F39-55BF0AB268B0}"
EndProject
Project("{FAE04EC0-301F-11D3-BF4B-00C04F79EFBC}") = "Telekocsi", "Telekocsi\Telekocsi.csproj", "{B6F3DA49-755B-4AAF-8516-1333966021A4}"
EndProject
Project("{FAE04EC0-301F-11D3-BF4B-00C04F79EFBC}") = "BankAccount", "BankAccount\BankAccount.csproj", "{9319D30B-FFA0-4601-9FCC-0F2FCA11B1D5}"
EndProject
Project("{FAE04EC0-301F-11D3-BF4B-00C04F79EFBC}") = "Jackie", "Jackie Stewart\Jackie.csproj", "{65B2E2F0-3F79-45CE-B155-2601B991DE3F}"
EndProject
Project("{FAE04EC0-301F-11D3-BF4B-00C04F79EFBC}") = "ConsoleAdatbazis", "ConsoleAdatbazis\ConsoleAdatbazis.csproj", "{57D68265-62B0-427D-9530-827AB7BBF840}"
EndProject
Project("{FAE04EC0-301F-11D3-BF4B-00C04F79EFBC}") = "WindowsFormsAlap", "WindowsFormsAlap\WindowsFormsAlap.csproj", "{A3686C9D-8037-4301-925B-F9A6CEFF94C5}"
EndProject
Project("{FAE04EC0-301F-11D3-BF4B-00C04F79EFBC}") = "WindowsFormsOrszagok", "WindowsFormsOrszagok\WindowsFormsOrszagok.csproj", "{7F55C8A0-8F22-4CD6-AED8-0E2106CA9528}"
EndProject
Global
	GlobalSection(SolutionConfigurationPlatforms) = preSolution
		Debug|Any CPU = Debug|Any CPU
		Release|Any CPU = Release|Any CPU
	EndGlobalSection
	GlobalSection(ProjectConfigurationPlatforms) = postSolution
		{64776260-663F-496D-A42D-41879F2585EB}.Debug|Any CPU.ActiveCfg = Debug|Any CPU
		{64776260-663F-496D-A42D-41879F2585EB}.Debug|Any CPU.Build.0 = Debug|Any CPU
		{64776260-663F-496D-A42D-41879F2585EB}.Release|Any CPU.ActiveCfg = Release|Any CPU
		{64776260-663F-496D-A42D-41879F2585EB}.Release|Any CPU.Build.0 = Release|Any CPU
		{A166F15A-B881-419C-8F39-55BF0AB268B0}.Debug|Any CPU.ActiveCfg = Debug|Any CPU
		{A166F15A-B881-419C-8F39-55BF0AB268B0}.Debug|Any CPU.Build.0 = Debug|Any CPU
		{A166F15A-B881-419C-8F39-55BF0AB268B0}.Release|Any CPU.ActiveCfg = Release|Any CPU
		{A166F15A-B881-419C-8F39-55BF0AB268B0}.Release|Any CPU.Build.0 = Release|Any CPU
		{B6F3DA49-755B-4AAF-8516-1333966021A4}.Debug|Any CPU.ActiveCfg = Debug|Any CPU
		{B6F3DA49-755B-4AAF-8516-1333966021A4}.Debug|Any CPU.Build.0 = Debug|Any CPU
		{B6F3DA49-755B-4AAF-8516-1333966021A4}.Release|Any CPU.ActiveCfg = Release|Any CPU
		{B6F3DA49-755B-4AAF-8516-1333966021A4}.Release|Any CPU.Build.0 = Release|Any CPU
		{9319D30B-FFA0-4601-9FCC-0F2FCA11B1D5}.Debug|Any CPU.ActiveCfg = Debug|Any CPU
		{9319D30B-FFA0-4601-9FCC-0F2FCA11B1D5}.Debug|Any CPU.Build.0 = Debug|Any CPU
		{9319D30B-FFA0-4601-9FCC-0F2FCA11B1D5}.Release|Any CPU.ActiveCfg = Release|Any CPU
		{9319D30B-FFA0-4601-9FCC-0F2FCA11B1D5}.Release|Any CPU.Build.0 = Release|Any CPU
		{65B2E2F0-3F79-45CE-B155-2601B991DE3F}.Debug|Any CPU.ActiveCfg = Debug|Any CPU
		{65B2E2F0-3F79-45CE-B155-2601B991DE3F}.Debug|Any CPU.Build.0 = Debug|Any CPU
		{65B2E2F0-3F79-45CE-B155-2601B991DE3F}.Release|Any CPU.ActiveCfg = Release|Any CPU
		{65B2E2F0-3F79-45CE-B155-2601B991DE3F}.Release|Any CPU.Build.0 = Release|Any CPU
		{57D68265-62B0-427D-9530-827AB7BBF840}.Debug|Any CPU.ActiveCfg = Debug|Any CPU
		{57D68265-62B0-427D-9530-827AB7BBF840}.Debug|Any CPU.Build.0 = Debug|Any CPU
		{57D68265-62B0-427D-9530-827AB7BBF840}.Release|Any CPU.ActiveCfg = Release|Any CPU
		{57D68265-62B0-427D-9530-827AB7BBF840}.Release|Any CPU.Build.0 = Release|Any CPU
		{A3686C9D-8037-4301-925B-F9A6CEFF94C5}.Debug|Any CPU.ActiveCfg = Debug|Any CPU
		{A3686C9D-8037-4301-925B-F9A6CEFF94C5}.Debug|Any CPU.Build.0 = Debug|Any CPU
		{A3686C9D-8037-4301-925B-F9A6CEFF94C5}.Release|Any CPU.ActiveCfg = Release|Any CPU
		{A3686C9D-8037-4301-925B-F9A6CEFF94C5}.Release|Any CPU.Build.0 = Release|Any CPU
		{7F55C8A0-8F22-4CD6-AED8-0E2106CA9528}.Debug|Any CPU.ActiveCfg = Debug|Any CPU
		{7F55C8A0-8F22-4CD6-AED8-0E2106CA9528}.Debug|Any CPU.Build.0 = Debug|Any CPU
		{7F55C8A0-8F22-4CD6-AED8-0E2106CA9528}.Release|Any CPU.ActiveCfg = Release|Any CPU
		{7F55C8A0-8F22-4CD6-AED8-0E2106CA9528}.Release|Any CPU.Build.0 = Release|Any CPU
	EndGlobalSection
	GlobalSection(SolutionProperties) = preSolution
		HideSolutionNode = FALSE
	EndGlobalSection
	GlobalSection(ExtensibilityGlobals) = postSolution
		SolutionGuid = {722C1DAB-71F4-43AB-BAB9-E4D8BE57148C}
	EndGlobalSection
EndGlobal
